{
  "name": "fixture-license-copyleft-positive",
  "version": "1.0.0",
  "lockfileVersion": 3,
  "requires": true,
  "packages": {
    "": {
      "name": "fixture-license-copyleft-positive",
      "version": "1.0.0",
      "dependencies": {
        "ghostscript4js": "3.2.1"
      }
    },
    "node_modules/ghostscript4js": {
      "version": "3.2.1",
      "resolved": "https://registry.npmjs.org/ghostscript4js/-/ghostscript4js-3.2.1.tgz",
      "integrity": "sha512-dummy-for-fixture",
      "license": "AGPL-3.0"
    }
  }
}
